
Microsoft Visual Studio Solution File, Format Version 12.00
# Visual Studio 15
VisualStudioVersion = 15.0.28010.2046
MinimumVisualStudioVersion = 10.0.40219.1
Project("{FAE04EC0-301F-11D3-BF4B-00C04F79EFBC}") = "APPD Assignment 1", "APPD Assignment 1\APPD Assignment 1.csproj", "{33C7825D-C376-4B85-AC0E-108C3497A233}"
EndProject
Global
	GlobalSection(SolutionConfigurationPlatforms) = preSolution
		Debug|Any CPU = Debug|Any CPU
		Release|Any CPU = Release|Any CPU
	EndGlobalSection
	GlobalSection(ProjectConfigurationPlatforms) = postSolution
		{33C7825D-C376-4B85-AC0E-108C3497A233}.Debug|Any CPU.ActiveCfg = Debug|Any CPU
		{33C7825D-C376-4B85-AC0E-108C3497A233}.Debug|Any CPU.Build.0 = Debug|Any CPU
		{33C7825D-C376-4B85-AC0E-108C3497A233}.Release|Any CPU.ActiveCfg = Release|Any CPU
		{33C7825D-C376-4B85-AC0E-108C3497A233}.Release|Any CPU.Build.0 = Release|Any CPU
	EndGlobalSection
	GlobalSection(SolutionProperties) = preSolution
		HideSolutionNode = FALSE
	EndGlobalSection
	GlobalSection(ExtensibilityGlobals) = postSolution
		SolutionGuid = {E0D15525-C38F-494D-9E7E-227F94BF7335}
	EndGlobalSection
EndGlobal
